// !$*UTF8*$!
{
	archiveVersion = 1;
	classes = {
	};
	objectVersion = 56;
	objects = {

/* Begin PBXBuildFile section */
		79CA3B202C1CBB4800CE2ED5 /* StorageView.swift in Sources */ = {isa = PBXBuildFile; fileRef = 79CA3B1F2C1CBB4800CE2ED5 /* StorageView.swift */; };
		8C0B28B32C1C77FB00ED0F88 /* CodeDropApp.swift in Sources */ = {isa = PBXBuildFile; fileRef = 8C0B28B22C1C77FB00ED0F88 /* CodeDropApp.swift */; };
		8C0B28B52C1C77FB00ED0F88 /* ContentView.swift in Sources */ = {isa = PBXBuildFile; fileRef = 8C0B28B42C1C77FB00ED0F88 /* ContentView.swift */; };
		8C0B28B72C1C77FB00ED0F88 /* Item.swift in Sources */ = {isa = PBXBuildFile; fileRef = 8C0B28B62C1C77FB00ED0F88 /* Item.swift */; };
		8C0B28B92C1C77FD00ED0F88 /* Assets.xcassets in Resources */ = {isa = PBXBuildFile; fileRef = 8C0B28B82C1C77FD00ED0F88 /* Assets.xcassets */; };
		8C0B28BC2C1C77FD00ED0F88 /* Preview Assets.xcassets in Resources */ = {isa = PBXBuildFile; fileRef = 8C0B28BB2C1C77FD00ED0F88 /* Preview Assets.xcassets */; };
		8C0B28C62C1C7B5400ED0F88 /* .gitignore in Resources */ = {isa = PBXBuildFile; fileRef = 8C0B28C52C1C7B5400ED0F88 /* .gitignore */; };
		BDE3E53E2C1CB3C4007510DF /* NameAddView.swift in Sources */ = {isa = PBXBuildFile; fileRef = BDE3E53D2C1CB3C4007510DF /* NameAddView.swift */; };
		BDE3E5402C1CB538007510DF /* SelectView.swift in Sources */ = {isa = PBXBuildFile; fileRef = BDE3E53F2C1CB538007510DF /* SelectView.swift */; };
		BDE3E5422C1CB54E007510DF /* FoodSelectView.swift in Sources */ = {isa = PBXBuildFile; fileRef = BDE3E5412C1CB54E007510DF /* FoodSelectView.swift */; };
		BDE3E5472C1CD1A4007510DF /* InterestSelectView.swift in Sources */ = {isa = PBXBuildFile; fileRef = BDE3E5462C1CD1A4007510DF /* InterestSelectView.swift */; };
		8C0B28C82C1CB36800ED0F88 /* MyCardView.swift in Sources */ = {isa = PBXBuildFile; fileRef = 8C0B28C72C1CB36800ED0F88 /* MyCardView.swift */; };
		8CF5A5C12C1CDD3800D0FA08 /* ViewExtension.swift in Sources */ = {isa = PBXBuildFile; fileRef = 8CF5A5C02C1CDD3800D0FA08 /* ViewExtension.swift */; };
		8CF5A5C32C1CDD7F00D0FA08 /* ActivityController.swift in Sources */ = {isa = PBXBuildFile; fileRef = 8CF5A5C22C1CDD7F00D0FA08 /* ActivityController.swift */; };
		8CF5A5C52C1CE19900D0FA08 /* UserDefaultsManager.swift in Sources */ = {isa = PBXBuildFile; fileRef = 8CF5A5C42C1CE19900D0FA08 /* UserDefaultsManager.swift */; };
/* End PBXBuildFile section */

/* Begin PBXFileReference section */
		79CA3B1F2C1CBB4800CE2ED5 /* StorageView.swift */ = {isa = PBXFileReference; lastKnownFileType = sourcecode.swift; path = StorageView.swift; sourceTree = "<group>"; };
		8C0B28AF2C1C77FB00ED0F88 /* CodeDrop.app */ = {isa = PBXFileReference; explicitFileType = wrapper.application; includeInIndex = 0; path = CodeDrop.app; sourceTree = BUILT_PRODUCTS_DIR; };
		8C0B28B22C1C77FB00ED0F88 /* CodeDropApp.swift */ = {isa = PBXFileReference; lastKnownFileType = sourcecode.swift; path = CodeDropApp.swift; sourceTree = "<group>"; };
		8C0B28B42C1C77FB00ED0F88 /* ContentView.swift */ = {isa = PBXFileReference; lastKnownFileType = sourcecode.swift; path = ContentView.swift; sourceTree = "<group>"; };
		8C0B28B62C1C77FB00ED0F88 /* Item.swift */ = {isa = PBXFileReference; lastKnownFileType = sourcecode.swift; path = Item.swift; sourceTree = "<group>"; };
		8C0B28B82C1C77FD00ED0F88 /* Assets.xcassets */ = {isa = PBXFileReference; lastKnownFileType = folder.assetcatalog; path = Assets.xcassets; sourceTree = "<group>"; };
		8C0B28BB2C1C77FD00ED0F88 /* Preview Assets.xcassets */ = {isa = PBXFileReference; lastKnownFileType = folder.assetcatalog; path = "Preview Assets.xcassets"; sourceTree = "<group>"; };
		8C0B28BD2C1C77FD00ED0F88 /* CodeDrop.entitlements */ = {isa = PBXFileReference; lastKnownFileType = text.plist.entitlements; path = CodeDrop.entitlements; sourceTree = "<group>"; };
		8C0B28C52C1C7B5400ED0F88 /* .gitignore */ = {isa = PBXFileReference; lastKnownFileType = text; path = .gitignore; sourceTree = "<group>"; };
		BDE3E53D2C1CB3C4007510DF /* NameAddView.swift */ = {isa = PBXFileReference; lastKnownFileType = sourcecode.swift; path = NameAddView.swift; sourceTree = "<group>"; };
		BDE3E53F2C1CB538007510DF /* SelectView.swift */ = {isa = PBXFileReference; lastKnownFileType = sourcecode.swift; path = SelectView.swift; sourceTree = "<group>"; };
		BDE3E5412C1CB54E007510DF /* FoodSelectView.swift */ = {isa = PBXFileReference; lastKnownFileType = sourcecode.swift; path = FoodSelectView.swift; sourceTree = "<group>"; };
		BDE3E5462C1CD1A4007510DF /* InterestSelectView.swift */ = {isa = PBXFileReference; lastKnownFileType = sourcecode.swift; path = InterestSelectView.swift; sourceTree = "<group>"; };
		BDE3E5482C1CD72A007510DF /* Info.plist */ = {isa = PBXFileReference; lastKnownFileType = text.plist; path = Info.plist; sourceTree = "<group>"; };
		8C0B28C72C1CB36800ED0F88 /* MyCardView.swift */ = {isa = PBXFileReference; lastKnownFileType = sourcecode.swift; path = MyCardView.swift; sourceTree = "<group>"; };
		8CF5A5BF2C1CDCE300D0FA08 /* Info.plist */ = {isa = PBXFileReference; lastKnownFileType = text.plist.xml; path = Info.plist; sourceTree = "<group>"; };
		8CF5A5C02C1CDD3800D0FA08 /* ViewExtension.swift */ = {isa = PBXFileReference; lastKnownFileType = sourcecode.swift; path = ViewExtension.swift; sourceTree = "<group>"; };
		8CF5A5C22C1CDD7F00D0FA08 /* ActivityController.swift */ = {isa = PBXFileReference; lastKnownFileType = sourcecode.swift; path = ActivityController.swift; sourceTree = "<group>"; };
		8CF5A5C42C1CE19900D0FA08 /* UserDefaultsManager.swift */ = {isa = PBXFileReference; lastKnownFileType = sourcecode.swift; path = UserDefaultsManager.swift; sourceTree = "<group>"; };
/* End PBXFileReference section */

/* Begin PBXFrameworksBuildPhase section */
		8C0B28AC2C1C77FB00ED0F88 /* Frameworks */ = {
			isa = PBXFrameworksBuildPhase;
			buildActionMask = 2147483647;
			files = (
			);
			runOnlyForDeploymentPostprocessing = 0;
		};
/* End PBXFrameworksBuildPhase section */

/* Begin PBXGroup section */
		8C0B28A62C1C77FB00ED0F88 = {
			isa = PBXGroup;
			children = (
				8C0B28C52C1C7B5400ED0F88 /* .gitignore */,
				8C0B28B12C1C77FB00ED0F88 /* CodeDrop */,
				8C0B28B02C1C77FB00ED0F88 /* Products */,
			);
			sourceTree = "<group>";
		};
		8C0B28B02C1C77FB00ED0F88 /* Products */ = {
			isa = PBXGroup;
			children = (
				8C0B28AF2C1C77FB00ED0F88 /* CodeDrop.app */,
			);
			name = Products;
			sourceTree = "<group>";
		};
		8C0B28B12C1C77FB00ED0F88 /* CodeDrop */ = {
			isa = PBXGroup;
			children = (
				BDE3E5482C1CD72A007510DF /* Info.plist */,
				8CF5A5BF2C1CDCE300D0FA08 /* Info.plist */,
				8C0B28B22C1C77FB00ED0F88 /* CodeDropApp.swift */,
				BDE3E5432C1CB55D007510DF /* MyCardSetting */,
				8C0B28B42C1C77FB00ED0F88 /* ContentView.swift */,
				79CA3B1F2C1CBB4800CE2ED5 /* StorageView.swift */,
				8C0B28B62C1C77FB00ED0F88 /* Item.swift */,
				8C0B28C72C1CB36800ED0F88 /* MyCardView.swift */,
				8CF5A5C02C1CDD3800D0FA08 /* ViewExtension.swift */,
				8CF5A5C22C1CDD7F00D0FA08 /* ActivityController.swift */,
				8CF5A5C42C1CE19900D0FA08 /* UserDefaultsManager.swift */,
				8C0B28B82C1C77FD00ED0F88 /* Assets.xcassets */,
				8C0B28BD2C1C77FD00ED0F88 /* CodeDrop.entitlements */,
				8C0B28BA2C1C77FD00ED0F88 /* Preview Content */,
			);
			path = CodeDrop;
			sourceTree = "<group>";
		};
		8C0B28BA2C1C77FD00ED0F88 /* Preview Content */ = {
			isa = PBXGroup;
			children = (
				8C0B28BB2C1C77FD00ED0F88 /* Preview Assets.xcassets */,
			);
			path = "Preview Content";
			sourceTree = "<group>";
		};
		BDE3E5432C1CB55D007510DF /* MyCardSetting */ = {
			isa = PBXGroup;
			children = (
				BDE3E53D2C1CB3C4007510DF /* NameAddView.swift */,
				BDE3E5462C1CD1A4007510DF /* InterestSelectView.swift */,
				BDE3E5412C1CB54E007510DF /* FoodSelectView.swift */,
				BDE3E53F2C1CB538007510DF /* SelectView.swift */,
			);
			path = MyCardSetting;
			sourceTree = "<group>";
		};
/* End PBXGroup section */

/* Begin PBXNativeTarget section */
		8C0B28AE2C1C77FB00ED0F88 /* CodeDrop */ = {
			isa = PBXNativeTarget;
			buildConfigurationList = 8C0B28C02C1C77FD00ED0F88 /* Build configuration list for PBXNativeTarget "CodeDrop" */;
			buildPhases = (
				8C0B28AB2C1C77FB00ED0F88 /* Sources */,
				8C0B28AC2C1C77FB00ED0F88 /* Frameworks */,
				8C0B28AD2C1C77FB00ED0F88 /* Resources */,
			);
			buildRules = (
			);
			dependencies = (
			);
			name = CodeDrop;
			productName = CodeDrop;
			productReference = 8C0B28AF2C1C77FB00ED0F88 /* CodeDrop.app */;
			productType = "com.apple.product-type.application";
		};
/* End PBXNativeTarget section */

/* Begin PBXProject section */
		8C0B28A72C1C77FB00ED0F88 /* Project object */ = {
			isa = PBXProject;
			attributes = {
				BuildIndependentTargetsInParallel = 1;
				LastSwiftUpdateCheck = 1520;
				LastUpgradeCheck = 1520;
				TargetAttributes = {
					8C0B28AE2C1C77FB00ED0F88 = {
						CreatedOnToolsVersion = 15.2;
					};
				};
			};
			buildConfigurationList = 8C0B28AA2C1C77FB00ED0F88 /* Build configuration list for PBXProject "CodeDrop" */;
			compatibilityVersion = "Xcode 14.0";
			developmentRegion = en;
			hasScannedForEncodings = 0;
			knownRegions = (
				en,
				Base,
			);
			mainGroup = 8C0B28A62C1C77FB00ED0F88;
			productRefGroup = 8C0B28B02C1C77FB00ED0F88 /* Products */;
			projectDirPath = "";
			projectRoot = "";
			targets = (
				8C0B28AE2C1C77FB00ED0F88 /* CodeDrop */,
			);
		};
/* End PBXProject section */

/* Begin PBXResourcesBuildPhase section */
		8C0B28AD2C1C77FB00ED0F88 /* Resources */ = {
			isa = PBXResourcesBuildPhase;
			buildActionMask = 2147483647;
			files = (
				8C0B28BC2C1C77FD00ED0F88 /* Preview Assets.xcassets in Resources */,
				8C0B28C62C1C7B5400ED0F88 /* .gitignore in Resources */,
				8C0B28B92C1C77FD00ED0F88 /* Assets.xcassets in Resources */,
			);
			runOnlyForDeploymentPostprocessing = 0;
		};
/* End PBXResourcesBuildPhase section */

/* Begin PBXSourcesBuildPhase section */
		8C0B28AB2C1C77FB00ED0F88 /* Sources */ = {
			isa = PBXSourcesBuildPhase;
			buildActionMask = 2147483647;
			files = (
				BDE3E5472C1CD1A4007510DF /* InterestSelectView.swift in Sources */,
				79CA3B202C1CBB4800CE2ED5 /* StorageView.swift in Sources */,
				8C0B28B52C1C77FB00ED0F88 /* ContentView.swift in Sources */,
				8C0B28B72C1C77FB00ED0F88 /* Item.swift in Sources */,
				BDE3E53E2C1CB3C4007510DF /* NameAddView.swift in Sources */,
				BDE3E5402C1CB538007510DF /* SelectView.swift in Sources */,
				BDE3E5422C1CB54E007510DF /* FoodSelectView.swift in Sources */,
				8C0B28C82C1CB36800ED0F88 /* MyCardView.swift in Sources */,
				8CF5A5C52C1CE19900D0FA08 /* UserDefaultsManager.swift in Sources */,
				8C0B28B32C1C77FB00ED0F88 /* CodeDropApp.swift in Sources */,
				8CF5A5C32C1CDD7F00D0FA08 /* ActivityController.swift in Sources */,
				8CF5A5C12C1CDD3800D0FA08 /* ViewExtension.swift in Sources */,
			);
			runOnlyForDeploymentPostprocessing = 0;
		};
/* End PBXSourcesBuildPhase section */

/* Begin XCBuildConfiguration section */
		8C0B28BE2C1C77FD00ED0F88 /* Debug */ = {
			isa = XCBuildConfiguration;
			buildSettings = {
				ALWAYS_SEARCH_USER_PATHS = NO;
				ASSETCATALOG_COMPILER_GENERATE_SWIFT_ASSET_SYMBOL_EXTENSIONS = YES;
				CLANG_ANALYZER_NONNULL = YES;
				CLANG_ANALYZER_NUMBER_OBJECT_CONVERSION = YES_AGGRESSIVE;
				CLANG_CXX_LANGUAGE_STANDARD = "gnu++20";
				CLANG_ENABLE_MODULES = YES;
				CLANG_ENABLE_OBJC_ARC = YES;
				CLANG_ENABLE_OBJC_WEAK = YES;
				CLANG_WARN_BLOCK_CAPTURE_AUTORELEASING = YES;
				CLANG_WARN_BOOL_CONVERSION = YES;
				CLANG_WARN_COMMA = YES;
				CLANG_WARN_CONSTANT_CONVERSION = YES;
				CLANG_WARN_DEPRECATED_OBJC_IMPLEMENTATIONS = YES;
				CLANG_WARN_DIRECT_OBJC_ISA_USAGE = YES_ERROR;
				CLANG_WARN_DOCUMENTATION_COMMENTS = YES;
				CLANG_WARN_EMPTY_BODY = YES;
				CLANG_WARN_ENUM_CONVERSION = YES;
				CLANG_WARN_INFINITE_RECURSION = YES;
				CLANG_WARN_INT_CONVERSION = YES;
				CLANG_WARN_NON_LITERAL_NULL_CONVERSION = YES;
				CLANG_WARN_OBJC_IMPLICIT_RETAIN_SELF = YES;
				CLANG_WARN_OBJC_LITERAL_CONVERSION = YES;
				CLANG_WARN_OBJC_ROOT_CLASS = YES_ERROR;
				CLANG_WARN_QUOTED_INCLUDE_IN_FRAMEWORK_HEADER = YES;
				CLANG_WARN_RANGE_LOOP_ANALYSIS = YES;
				CLANG_WARN_STRICT_PROTOTYPES = YES;
				CLANG_WARN_SUSPICIOUS_MOVE = YES;
				CLANG_WARN_UNGUARDED_AVAILABILITY = YES_AGGRESSIVE;
				CLANG_WARN_UNREACHABLE_CODE = YES;
				CLANG_WARN__DUPLICATE_METHOD_MATCH = YES;
				COPY_PHASE_STRIP = NO;
				DEBUG_INFORMATION_FORMAT = dwarf;
				ENABLE_STRICT_OBJC_MSGSEND = YES;
				ENABLE_TESTABILITY = YES;
				ENABLE_USER_SCRIPT_SANDBOXING = YES;
				GCC_C_LANGUAGE_STANDARD = gnu17;
				GCC_DYNAMIC_NO_PIC = NO;
				GCC_NO_COMMON_BLOCKS = YES;
				GCC_OPTIMIZATION_LEVEL = 0;
				GCC_PREPROCESSOR_DEFINITIONS = (
					"DEBUG=1",
					"$(inherited)",
				);
				GCC_WARN_64_TO_32_BIT_CONVERSION = YES;
				GCC_WARN_ABOUT_RETURN_TYPE = YES_ERROR;
				GCC_WARN_UNDECLARED_SELECTOR = YES;
				GCC_WARN_UNINITIALIZED_AUTOS = YES_AGGRESSIVE;
				GCC_WARN_UNUSED_FUNCTION = YES;
				GCC_WARN_UNUSED_VARIABLE = YES;
				LOCALIZATION_PREFERS_STRING_CATALOGS = YES;
				MACOSX_DEPLOYMENT_TARGET = 14.1;
				MTL_ENABLE_DEBUG_INFO = INCLUDE_SOURCE;
				MTL_FAST_MATH = YES;
				ONLY_ACTIVE_ARCH = YES;
				SDKROOT = macosx;
				SWIFT_ACTIVE_COMPILATION_CONDITIONS = "DEBUG $(inherited)";
				SWIFT_OPTIMIZATION_LEVEL = "-Onone";
			};
			name = Debug;
		};
		8C0B28BF2C1C77FD00ED0F88 /* Release */ = {
			isa = XCBuildConfiguration;
			buildSettings = {
				ALWAYS_SEARCH_USER_PATHS = NO;
				ASSETCATALOG_COMPILER_GENERATE_SWIFT_ASSET_SYMBOL_EXTENSIONS = YES;
				CLANG_ANALYZER_NONNULL = YES;
				CLANG_ANALYZER_NUMBER_OBJECT_CONVERSION = YES_AGGRESSIVE;
				CLANG_CXX_LANGUAGE_STANDARD = "gnu++20";
				CLANG_ENABLE_MODULES = YES;
				CLANG_ENABLE_OBJC_ARC = YES;
				CLANG_ENABLE_OBJC_WEAK = YES;
				CLANG_WARN_BLOCK_CAPTURE_AUTORELEASING = YES;
				CLANG_WARN_BOOL_CONVERSION = YES;
				CLANG_WARN_COMMA = YES;
				CLANG_WARN_CONSTANT_CONVERSION = YES;
				CLANG_WARN_DEPRECATED_OBJC_IMPLEMENTATIONS = YES;
				CLANG_WARN_DIRECT_OBJC_ISA_USAGE = YES_ERROR;
				CLANG_WARN_DOCUMENTATION_COMMENTS = YES;
				CLANG_WARN_EMPTY_BODY = YES;
				CLANG_WARN_ENUM_CONVERSION = YES;
				CLANG_WARN_INFINITE_RECURSION = YES;
				CLANG_WARN_INT_CONVERSION = YES;
				CLANG_WARN_NON_LITERAL_NULL_CONVERSION = YES;
				CLANG_WARN_OBJC_IMPLICIT_RETAIN_SELF = YES;
				CLANG_WARN_OBJC_LITERAL_CONVERSION = YES;
				CLANG_WARN_OBJC_ROOT_CLASS = YES_ERROR;
				CLANG_WARN_QUOTED_INCLUDE_IN_FRAMEWORK_HEADER = YES;
				CLANG_WARN_RANGE_LOOP_ANALYSIS = YES;
				CLANG_WARN_STRICT_PROTOTYPES = YES;
				CLANG_WARN_SUSPICIOUS_MOVE = YES;
				CLANG_WARN_UNGUARDED_AVAILABILITY = YES_AGGRESSIVE;
				CLANG_WARN_UNREACHABLE_CODE = YES;
				CLANG_WARN__DUPLICATE_METHOD_MATCH = YES;
				COPY_PHASE_STRIP = NO;
				DEBUG_INFORMATION_FORMAT = "dwarf-with-dsym";
				ENABLE_NS_ASSERTIONS = NO;
				ENABLE_STRICT_OBJC_MSGSEND = YES;
				ENABLE_USER_SCRIPT_SANDBOXING = YES;
				GCC_C_LANGUAGE_STANDARD = gnu17;
				GCC_NO_COMMON_BLOCKS = YES;
				GCC_WARN_64_TO_32_BIT_CONVERSION = YES;
				GCC_WARN_ABOUT_RETURN_TYPE = YES_ERROR;
				GCC_WARN_UNDECLARED_SELECTOR = YES;
				GCC_WARN_UNINITIALIZED_AUTOS = YES_AGGRESSIVE;
				GCC_WARN_UNUSED_FUNCTION = YES;
				GCC_WARN_UNUSED_VARIABLE = YES;
				LOCALIZATION_PREFERS_STRING_CATALOGS = YES;
				MACOSX_DEPLOYMENT_TARGET = 14.1;
				MTL_ENABLE_DEBUG_INFO = NO;
				MTL_FAST_MATH = YES;
				SDKROOT = macosx;
				SWIFT_COMPILATION_MODE = wholemodule;
			};
			name = Release;
		};
		8C0B28C12C1C77FD00ED0F88 /* Debug */ = {
			isa = XCBuildConfiguration;
			buildSettings = {
				ASSETCATALOG_COMPILER_APPICON_NAME = AppIcon;
				ASSETCATALOG_COMPILER_GLOBAL_ACCENT_COLOR_NAME = AccentColor;
				CODE_SIGN_ENTITLEMENTS = CodeDrop/CodeDrop.entitlements;
				CODE_SIGN_STYLE = Automatic;
				COMBINE_HIDPI_IMAGES = YES;
				CURRENT_PROJECT_VERSION = 1;
				DEVELOPMENT_ASSET_PATHS = "\"CodeDrop/Preview Content\"";
				DEVELOPMENT_TEAM = MXGCKXDXUM;
				ENABLE_HARDENED_RUNTIME = YES;
				ENABLE_PREVIEWS = YES;
				GENERATE_INFOPLIST_FILE = YES;
				INFOPLIST_FILE = CodeDrop/Info.plist;
				INFOPLIST_KEY_NSHumanReadableCopyright = "";
				LD_RUNPATH_SEARCH_PATHS = (
					"$(inherited)",
					"@executable_path/../Frameworks",
				);
				MACOSX_DEPLOYMENT_TARGET = 14.0;
				MARKETING_VERSION = 1.0;
				PRODUCT_BUNDLE_IDENTIFIER = com.InnerPeace.CodeDrop;
				PRODUCT_NAME = "$(TARGET_NAME)";
				SUPPORTED_PLATFORMS = "iphoneos iphonesimulator";
				SUPPORTS_MACCATALYST = NO;
				SWIFT_EMIT_LOC_STRINGS = YES;
				SWIFT_VERSION = 5.0;
				TARGETED_DEVICE_FAMILY = 1;
			};
			name = Debug;
		};
		8C0B28C22C1C77FD00ED0F88 /* Release */ = {
			isa = XCBuildConfiguration;
			buildSettings = {
				ASSETCATALOG_COMPILER_APPICON_NAME = AppIcon;
				ASSETCATALOG_COMPILER_GLOBAL_ACCENT_COLOR_NAME = AccentColor;
				CODE_SIGN_ENTITLEMENTS = CodeDrop/CodeDrop.entitlements;
				CODE_SIGN_STYLE = Automatic;
				COMBINE_HIDPI_IMAGES = YES;
				CURRENT_PROJECT_VERSION = 1;
				DEVELOPMENT_ASSET_PATHS = "\"CodeDrop/Preview Content\"";
				DEVELOPMENT_TEAM = MXGCKXDXUM;
				ENABLE_HARDENED_RUNTIME = YES;
				ENABLE_PREVIEWS = YES;
				GENERATE_INFOPLIST_FILE = YES;
				INFOPLIST_FILE = CodeDrop/Info.plist;
				INFOPLIST_KEY_NSHumanReadableCopyright = "";
				LD_RUNPATH_SEARCH_PATHS = (
					"$(inherited)",
					"@executable_path/../Frameworks",
				);
				MACOSX_DEPLOYMENT_TARGET = 14.0;
				MARKETING_VERSION = 1.0;
				PRODUCT_BUNDLE_IDENTIFIER = com.InnerPeace.CodeDrop;
				PRODUCT_NAME = "$(TARGET_NAME)";
				SUPPORTED_PLATFORMS = "iphoneos iphonesimulator";
				SUPPORTS_MACCATALYST = NO;
				SWIFT_EMIT_LOC_STRINGS = YES;
				SWIFT_VERSION = 5.0;
				TARGETED_DEVICE_FAMILY = 1;
			};
			name = Release;
		};
/* End XCBuildConfiguration section */

/* Begin XCConfigurationList section */
		8C0B28AA2C1C77FB00ED0F88 /* Build configuration list for PBXProject "CodeDrop" */ = {
			isa = XCConfigurationList;
			buildConfigurations = (
				8C0B28BE2C1C77FD00ED0F88 /* Debug */,
				8C0B28BF2C1C77FD00ED0F88 /* Release */,
			);
			defaultConfigurationIsVisible = 0;
			defaultConfigurationName = Release;
		};
		8C0B28C02C1C77FD00ED0F88 /* Build configuration list for PBXNativeTarget "CodeDrop" */ = {
			isa = XCConfigurationList;
			buildConfigurations = (
				8C0B28C12C1C77FD00ED0F88 /* Debug */,
				8C0B28C22C1C77FD00ED0F88 /* Release */,
			);
			defaultConfigurationIsVisible = 0;
			defaultConfigurationName = Release;
		};
/* End XCConfigurationList section */
	};
	rootObject = 8C0B28A72C1C77FB00ED0F88 /* Project object */;
}
